
Microsoft Visual Studio Solution File, Format Version 12.00
# Visual Studio Version 16
VisualStudioVersion = 16.0.31410.357
MinimumVisualStudioVersion = 10.0.40219.1
Project("{FAE04EC0-301F-11D3-BF4B-00C04F79EFBC}") = "TextAdventure", "TextAdventure\TextAdventure.csproj", "{4A773CB1-E803-48ED-9D68-EC7D79626466}"
EndProject
Global
	GlobalSection(SolutionConfigurationPlatforms) = preSolution
		Debug|Any CPU = Debug|Any CPU
		Release|Any CPU = Release|Any CPU
	EndGlobalSection
	GlobalSection(ProjectConfigurationPlatforms) = postSolution
		{4A773CB1-E803-48ED-9D68-EC7D79626466}.Debug|Any CPU.ActiveCfg = Debug|Any CPU
		{4A773CB1-E803-48ED-9D68-EC7D79626466}.Debug|Any CPU.Build.0 = Debug|Any CPU
		{4A773CB1-E803-48ED-9D68-EC7D79626466}.Release|Any CPU.ActiveCfg = Release|Any CPU
		{4A773CB1-E803-48ED-9D68-EC7D79626466}.Release|Any CPU.Build.0 = Release|Any CPU
	EndGlobalSection
	GlobalSection(SolutionProperties) = preSolution
		HideSolutionNode = FALSE
	EndGlobalSection
	GlobalSection(ExtensibilityGlobals) = postSolution
		SolutionGuid = {896372F6-85A6-46F9-847C-EB1FDA295269}
	EndGlobalSection
EndGlobal
